
Microsoft Visual Studio Solution File, Format Version 12.00
# Visual Studio Version 16
VisualStudioVersion = 16.0.30204.135
MinimumVisualStudioVersion = 10.0.40219.1
Project("{9A19103F-16F7-4668-BE54-9A1E7A4F7556}") = "Proyecto", "Proyecto\Proyecto.csproj", "{B82AAE23-723A-4089-84E5-AD9F64084599}"
EndProject
Global
	GlobalSection(SolutionConfigurationPlatforms) = preSolution
		Debug|Any CPU = Debug|Any CPU
		Release|Any CPU = Release|Any CPU
	EndGlobalSection
	GlobalSection(ProjectConfigurationPlatforms) = postSolution
		{B82AAE23-723A-4089-84E5-AD9F64084599}.Debug|Any CPU.ActiveCfg = Debug|Any CPU
		{B82AAE23-723A-4089-84E5-AD9F64084599}.Debug|Any CPU.Build.0 = Debug|Any CPU
		{B82AAE23-723A-4089-84E5-AD9F64084599}.Release|Any CPU.ActiveCfg = Release|Any CPU
		{B82AAE23-723A-4089-84E5-AD9F64084599}.Release|Any CPU.Build.0 = Release|Any CPU
	EndGlobalSection
	GlobalSection(SolutionProperties) = preSolution
		HideSolutionNode = FALSE
	EndGlobalSection
	GlobalSection(ExtensibilityGlobals) = postSolution
		SolutionGuid = {E231AA02-AF2E-42F0-8B77-440B9DFD436E}
	EndGlobalSection
EndGlobal
